
Microsoft Visual Studio Solution File, Format Version 12.00
# Visual Studio Version 17
VisualStudioVersion = 17.0.31903.59
MinimumVisualStudioVersion = 10.0.40219.1
Project("{FAE04EC0-301F-11D3-BF4B-00C04F79EFBC}") = "StudentPortalServer", "StudentPortalServer\StudentPortalServer.csproj", "{99440D2F-917F-4F21-981E-342C47A98AC8}"
EndProject
Project("{FAE04EC0-301F-11D3-BF4B-00C04F79EFBC}") = "AuthService", "AuthService\AuthService.csproj", "{76336E25-F628-4247-AD68-C9CADC7EACDD}"
EndProject
Project("{2150E333-8FDC-42A3-9474-1A3956D46DE8}") = "lib", "lib", "{1D89423C-51B0-4294-985B-821726BB9BAE}"
EndProject
Project("{FAE04EC0-301F-11D3-BF4B-00C04F79EFBC}") = "ComponentData", "lib\ComponentData\ComponentData.csproj", "{104DD0C0-0BCE-4829-988D-AF3A42DFFBD8}"
EndProject
Project("{2150E333-8FDC-42A3-9474-1A3956D46DE8}") = "Testing", "Testing", "{2411C002-D864-4F39-8DE1-FB1F8FC1764F}"
EndProject
Project("{FAE04EC0-301F-11D3-BF4B-00C04F79EFBC}") = "TestProj1", "Testing\TestProj1\TestProj1.csproj", "{2A92EC8B-49CD-4AB9-939C-60A4F262894D}"
EndProject
Project("{FAE04EC0-301F-11D3-BF4B-00C04F79EFBC}") = "EventBus", "lib\EventBus\EventBus.csproj", "{1EA3B97C-5BB0-4953-8078-503153673805}"
EndProject
Project("{FAE04EC0-301F-11D3-BF4B-00C04F79EFBC}") = "EventBusRabbitMQ", "lib\EventBusRabbitMQ\EventBusRabbitMQ.csproj", "{A18FCE46-3B0A-41E9-8541-3EB23ED096C9}"
EndProject
Project("{FAE04EC0-301F-11D3-BF4B-00C04F79EFBC}") = "CommonComponents", "lib\CommonComponents\CommonComponents.csproj", "{917FC291-4B96-448A-8D54-4A7FB71DFA58}"
EndProject
Project("{2150E333-8FDC-42A3-9474-1A3956D46DE8}") = "src", "src", "{FB015115-D4E9-466B-A69C-A8BB05165528}"
EndProject
Project("{FAE04EC0-301F-11D3-BF4B-00C04F79EFBC}") = "PageView", "src\PageView\PageView.csproj", "{B6992B4D-78C3-4499-A6F7-A4538125FD42}"
EndProject
Project("{FAE04EC0-301F-11D3-BF4B-00C04F79EFBC}") = "PageStorage", "src\PageStorage\PageStorage.csproj", "{0E4E4CB0-4D02-4CF0-8E95-487A1D2C9EF6}"
EndProject
Project("{FAE04EC0-301F-11D3-BF4B-00C04F79EFBC}") = "TEEEEST", "TEEEEST\TEEEEST.csproj", "{93DC3422-9CB0-493E-AF36-BEC8FBA30669}"
EndProject
Project("{FAE04EC0-301F-11D3-BF4B-00C04F79EFBC}") = "Services", "lib\Services\Services.csproj", "{BB815C4A-F669-4A60-B8C5-EDAD078C5113}"
EndProject
Project("{FAE04EC0-301F-11D3-BF4B-00C04F79EFBC}") = "NotificationService", "src\NotificationService\NotificationService.csproj", "{3FB205FB-86A6-4993-A444-401AD54CA497}"
EndProject
Global
	GlobalSection(SolutionConfigurationPlatforms) = preSolution
		Debug|Any CPU = Debug|Any CPU
		Release|Any CPU = Release|Any CPU
	EndGlobalSection
	GlobalSection(SolutionProperties) = preSolution
		HideSolutionNode = FALSE
	EndGlobalSection
	GlobalSection(ProjectConfigurationPlatforms) = postSolution
		{99440D2F-917F-4F21-981E-342C47A98AC8}.Debug|Any CPU.ActiveCfg = Debug|Any CPU
		{99440D2F-917F-4F21-981E-342C47A98AC8}.Debug|Any CPU.Build.0 = Debug|Any CPU
		{99440D2F-917F-4F21-981E-342C47A98AC8}.Release|Any CPU.ActiveCfg = Release|Any CPU
		{99440D2F-917F-4F21-981E-342C47A98AC8}.Release|Any CPU.Build.0 = Release|Any CPU
		{76336E25-F628-4247-AD68-C9CADC7EACDD}.Debug|Any CPU.ActiveCfg = Debug|Any CPU
		{76336E25-F628-4247-AD68-C9CADC7EACDD}.Debug|Any CPU.Build.0 = Debug|Any CPU
		{76336E25-F628-4247-AD68-C9CADC7EACDD}.Release|Any CPU.ActiveCfg = Release|Any CPU
		{76336E25-F628-4247-AD68-C9CADC7EACDD}.Release|Any CPU.Build.0 = Release|Any CPU
		{104DD0C0-0BCE-4829-988D-AF3A42DFFBD8}.Debug|Any CPU.ActiveCfg = Debug|Any CPU
		{104DD0C0-0BCE-4829-988D-AF3A42DFFBD8}.Debug|Any CPU.Build.0 = Debug|Any CPU
		{104DD0C0-0BCE-4829-988D-AF3A42DFFBD8}.Release|Any CPU.ActiveCfg = Release|Any CPU
		{104DD0C0-0BCE-4829-988D-AF3A42DFFBD8}.Release|Any CPU.Build.0 = Release|Any CPU
		{2A92EC8B-49CD-4AB9-939C-60A4F262894D}.Debug|Any CPU.ActiveCfg = Debug|Any CPU
		{2A92EC8B-49CD-4AB9-939C-60A4F262894D}.Debug|Any CPU.Build.0 = Debug|Any CPU
		{2A92EC8B-49CD-4AB9-939C-60A4F262894D}.Release|Any CPU.ActiveCfg = Release|Any CPU
		{2A92EC8B-49CD-4AB9-939C-60A4F262894D}.Release|Any CPU.Build.0 = Release|Any CPU
		{1EA3B97C-5BB0-4953-8078-503153673805}.Debug|Any CPU.ActiveCfg = Debug|Any CPU
		{1EA3B97C-5BB0-4953-8078-503153673805}.Debug|Any CPU.Build.0 = Debug|Any CPU
		{1EA3B97C-5BB0-4953-8078-503153673805}.Release|Any CPU.ActiveCfg = Release|Any CPU
		{1EA3B97C-5BB0-4953-8078-503153673805}.Release|Any CPU.Build.0 = Release|Any CPU
		{A18FCE46-3B0A-41E9-8541-3EB23ED096C9}.Debug|Any CPU.ActiveCfg = Debug|Any CPU
		{A18FCE46-3B0A-41E9-8541-3EB23ED096C9}.Debug|Any CPU.Build.0 = Debug|Any CPU
		{A18FCE46-3B0A-41E9-8541-3EB23ED096C9}.Release|Any CPU.ActiveCfg = Release|Any CPU
		{A18FCE46-3B0A-41E9-8541-3EB23ED096C9}.Release|Any CPU.Build.0 = Release|Any CPU
		{917FC291-4B96-448A-8D54-4A7FB71DFA58}.Debug|Any CPU.ActiveCfg = Debug|Any CPU
		{917FC291-4B96-448A-8D54-4A7FB71DFA58}.Debug|Any CPU.Build.0 = Debug|Any CPU
		{917FC291-4B96-448A-8D54-4A7FB71DFA58}.Release|Any CPU.ActiveCfg = Release|Any CPU
		{917FC291-4B96-448A-8D54-4A7FB71DFA58}.Release|Any CPU.Build.0 = Release|Any CPU
		{B6992B4D-78C3-4499-A6F7-A4538125FD42}.Debug|Any CPU.ActiveCfg = Debug|Any CPU
		{B6992B4D-78C3-4499-A6F7-A4538125FD42}.Debug|Any CPU.Build.0 = Debug|Any CPU
		{B6992B4D-78C3-4499-A6F7-A4538125FD42}.Release|Any CPU.ActiveCfg = Release|Any CPU
		{B6992B4D-78C3-4499-A6F7-A4538125FD42}.Release|Any CPU.Build.0 = Release|Any CPU
		{0E4E4CB0-4D02-4CF0-8E95-487A1D2C9EF6}.Debug|Any CPU.ActiveCfg = Debug|Any CPU
		{0E4E4CB0-4D02-4CF0-8E95-487A1D2C9EF6}.Debug|Any CPU.Build.0 = Debug|Any CPU
		{0E4E4CB0-4D02-4CF0-8E95-487A1D2C9EF6}.Release|Any CPU.ActiveCfg = Release|Any CPU
		{0E4E4CB0-4D02-4CF0-8E95-487A1D2C9EF6}.Release|Any CPU.Build.0 = Release|Any CPU
		{93DC3422-9CB0-493E-AF36-BEC8FBA30669}.Debug|Any CPU.ActiveCfg = Debug|Any CPU
		{93DC3422-9CB0-493E-AF36-BEC8FBA30669}.Debug|Any CPU.Build.0 = Debug|Any CPU
		{93DC3422-9CB0-493E-AF36-BEC8FBA30669}.Release|Any CPU.ActiveCfg = Release|Any CPU
		{93DC3422-9CB0-493E-AF36-BEC8FBA30669}.Release|Any CPU.Build.0 = Release|Any CPU
		{BB815C4A-F669-4A60-B8C5-EDAD078C5113}.Debug|Any CPU.ActiveCfg = Debug|Any CPU
		{BB815C4A-F669-4A60-B8C5-EDAD078C5113}.Debug|Any CPU.Build.0 = Debug|Any CPU
		{BB815C4A-F669-4A60-B8C5-EDAD078C5113}.Release|Any CPU.ActiveCfg = Release|Any CPU
		{BB815C4A-F669-4A60-B8C5-EDAD078C5113}.Release|Any CPU.Build.0 = Release|Any CPU
		{3FB205FB-86A6-4993-A444-401AD54CA497}.Debug|Any CPU.ActiveCfg = Debug|Any CPU
		{3FB205FB-86A6-4993-A444-401AD54CA497}.Debug|Any CPU.Build.0 = Debug|Any CPU
		{3FB205FB-86A6-4993-A444-401AD54CA497}.Release|Any CPU.ActiveCfg = Release|Any CPU
		{3FB205FB-86A6-4993-A444-401AD54CA497}.Release|Any CPU.Build.0 = Release|Any CPU
	EndGlobalSection
	GlobalSection(NestedProjects) = preSolution
		{104DD0C0-0BCE-4829-988D-AF3A42DFFBD8} = {1D89423C-51B0-4294-985B-821726BB9BAE}
		{2A92EC8B-49CD-4AB9-939C-60A4F262894D} = {2411C002-D864-4F39-8DE1-FB1F8FC1764F}
		{1EA3B97C-5BB0-4953-8078-503153673805} = {1D89423C-51B0-4294-985B-821726BB9BAE}
		{A18FCE46-3B0A-41E9-8541-3EB23ED096C9} = {1D89423C-51B0-4294-985B-821726BB9BAE}
		{917FC291-4B96-448A-8D54-4A7FB71DFA58} = {1D89423C-51B0-4294-985B-821726BB9BAE}
		{B6992B4D-78C3-4499-A6F7-A4538125FD42} = {FB015115-D4E9-466B-A69C-A8BB05165528}
		{0E4E4CB0-4D02-4CF0-8E95-487A1D2C9EF6} = {FB015115-D4E9-466B-A69C-A8BB05165528}
		{BB815C4A-F669-4A60-B8C5-EDAD078C5113} = {1D89423C-51B0-4294-985B-821726BB9BAE}
		{3FB205FB-86A6-4993-A444-401AD54CA497} = {FB015115-D4E9-466B-A69C-A8BB05165528}
	EndGlobalSection
EndGlobal
