
Microsoft Visual Studio Solution File, Format Version 12.00
# Visual Studio Version 17
VisualStudioVersion = 17.0.31903.59
MinimumVisualStudioVersion = 10.0.40219.1
Project("{2150E333-8FDC-42A3-9474-1A3956D46DE8}") = "lib", "lib", "{C1A07247-4B9C-4339-95AC-E84736DF7950}"
EndProject
Project("{FAE04EC0-301F-11D3-BF4B-00C04F79EFBC}") = "CommonComponents", "lib\CommonComponents\CommonComponents.csproj", "{FD7A7E6E-08FE-4927-8667-1B4D9C4BB9DE}"
EndProject
Project("{FAE04EC0-301F-11D3-BF4B-00C04F79EFBC}") = "ComponentData", "lib\ComponentData\ComponentData.csproj", "{24F749D6-78E1-4C1E-BA60-5BE6CE2145D5}"
EndProject
Project("{FAE04EC0-301F-11D3-BF4B-00C04F79EFBC}") = "EventBus", "lib\EventBus\EventBus.csproj", "{97330030-8B3B-4CB4-BC1E-91EDC71E2EF7}"
EndProject
Project("{FAE04EC0-301F-11D3-BF4B-00C04F79EFBC}") = "EventBusRabbitMQ", "lib\EventBusRabbitMQ\EventBusRabbitMQ.csproj", "{7EE02CCC-47F5-4FCA-8594-17D870CECABF}"
EndProject
Project("{FAE04EC0-301F-11D3-BF4B-00C04F79EFBC}") = "Services", "lib\Services\Services.csproj", "{B5F611F0-22CB-4379-AD4E-E62D71B61A01}"
EndProject
Project("{2150E333-8FDC-42A3-9474-1A3956D46DE8}") = "src", "src", "{849B991F-D43E-4073-82BF-474896178D4C}"
EndProject
Project("{FAE04EC0-301F-11D3-BF4B-00C04F79EFBC}") = "AuthService", "src\AuthService\AuthService.csproj", "{C9B9D6AF-4B4A-4410-B408-66B40B5FD0B2}"
EndProject
Project("{FAE04EC0-301F-11D3-BF4B-00C04F79EFBC}") = "NotificationService", "src\NotificationService\NotificationService.csproj", "{B96F4646-8C20-46F1-9D2E-2D40E2E1C362}"
EndProject
Project("{FAE04EC0-301F-11D3-BF4B-00C04F79EFBC}") = "PageStorage", "src\PageStorage\PageStorage.csproj", "{94641115-BB8C-4C27-ACB2-EDDB3B6C8480}"
EndProject
Project("{FAE04EC0-301F-11D3-BF4B-00C04F79EFBC}") = "PageView", "src\PageView\PageView.csproj", "{0B8479F0-BBAD-4865-8249-CF769B1C02F6}"
EndProject
Project("{FAE04EC0-301F-11D3-BF4B-00C04F79EFBC}") = "PageEditor", "src\PageEditor\PageEditor.csproj", "{EE4B80F1-5696-4EDB-BE9C-3036114D0FC1}"
EndProject
Project("{FAE04EC0-301F-11D3-BF4B-00C04F79EFBC}") = "testing", "testing\testing.csproj", "{AC3EC345-8C14-4EFC-BFCA-E675C23819CC}"
EndProject
Global
	GlobalSection(SolutionConfigurationPlatforms) = preSolution
		Debug|Any CPU = Debug|Any CPU
		Release|Any CPU = Release|Any CPU
	EndGlobalSection
	GlobalSection(SolutionProperties) = preSolution
		HideSolutionNode = FALSE
	EndGlobalSection
	GlobalSection(ProjectConfigurationPlatforms) = postSolution
		{FD7A7E6E-08FE-4927-8667-1B4D9C4BB9DE}.Debug|Any CPU.ActiveCfg = Debug|Any CPU
		{FD7A7E6E-08FE-4927-8667-1B4D9C4BB9DE}.Debug|Any CPU.Build.0 = Debug|Any CPU
		{FD7A7E6E-08FE-4927-8667-1B4D9C4BB9DE}.Release|Any CPU.ActiveCfg = Release|Any CPU
		{FD7A7E6E-08FE-4927-8667-1B4D9C4BB9DE}.Release|Any CPU.Build.0 = Release|Any CPU
		{24F749D6-78E1-4C1E-BA60-5BE6CE2145D5}.Debug|Any CPU.ActiveCfg = Debug|Any CPU
		{24F749D6-78E1-4C1E-BA60-5BE6CE2145D5}.Debug|Any CPU.Build.0 = Debug|Any CPU
		{24F749D6-78E1-4C1E-BA60-5BE6CE2145D5}.Release|Any CPU.ActiveCfg = Release|Any CPU
		{24F749D6-78E1-4C1E-BA60-5BE6CE2145D5}.Release|Any CPU.Build.0 = Release|Any CPU
		{97330030-8B3B-4CB4-BC1E-91EDC71E2EF7}.Debug|Any CPU.ActiveCfg = Debug|Any CPU
		{97330030-8B3B-4CB4-BC1E-91EDC71E2EF7}.Debug|Any CPU.Build.0 = Debug|Any CPU
		{97330030-8B3B-4CB4-BC1E-91EDC71E2EF7}.Release|Any CPU.ActiveCfg = Release|Any CPU
		{97330030-8B3B-4CB4-BC1E-91EDC71E2EF7}.Release|Any CPU.Build.0 = Release|Any CPU
		{7EE02CCC-47F5-4FCA-8594-17D870CECABF}.Debug|Any CPU.ActiveCfg = Debug|Any CPU
		{7EE02CCC-47F5-4FCA-8594-17D870CECABF}.Debug|Any CPU.Build.0 = Debug|Any CPU
		{7EE02CCC-47F5-4FCA-8594-17D870CECABF}.Release|Any CPU.ActiveCfg = Release|Any CPU
		{7EE02CCC-47F5-4FCA-8594-17D870CECABF}.Release|Any CPU.Build.0 = Release|Any CPU
		{B5F611F0-22CB-4379-AD4E-E62D71B61A01}.Debug|Any CPU.ActiveCfg = Debug|Any CPU
		{B5F611F0-22CB-4379-AD4E-E62D71B61A01}.Debug|Any CPU.Build.0 = Debug|Any CPU
		{B5F611F0-22CB-4379-AD4E-E62D71B61A01}.Release|Any CPU.ActiveCfg = Release|Any CPU
		{B5F611F0-22CB-4379-AD4E-E62D71B61A01}.Release|Any CPU.Build.0 = Release|Any CPU
		{C9B9D6AF-4B4A-4410-B408-66B40B5FD0B2}.Debug|Any CPU.ActiveCfg = Debug|Any CPU
		{C9B9D6AF-4B4A-4410-B408-66B40B5FD0B2}.Debug|Any CPU.Build.0 = Debug|Any CPU
		{C9B9D6AF-4B4A-4410-B408-66B40B5FD0B2}.Release|Any CPU.ActiveCfg = Release|Any CPU
		{C9B9D6AF-4B4A-4410-B408-66B40B5FD0B2}.Release|Any CPU.Build.0 = Release|Any CPU
		{B96F4646-8C20-46F1-9D2E-2D40E2E1C362}.Debug|Any CPU.ActiveCfg = Debug|Any CPU
		{B96F4646-8C20-46F1-9D2E-2D40E2E1C362}.Debug|Any CPU.Build.0 = Debug|Any CPU
		{B96F4646-8C20-46F1-9D2E-2D40E2E1C362}.Release|Any CPU.ActiveCfg = Release|Any CPU
		{B96F4646-8C20-46F1-9D2E-2D40E2E1C362}.Release|Any CPU.Build.0 = Release|Any CPU
		{94641115-BB8C-4C27-ACB2-EDDB3B6C8480}.Debug|Any CPU.ActiveCfg = Debug|Any CPU
		{94641115-BB8C-4C27-ACB2-EDDB3B6C8480}.Debug|Any CPU.Build.0 = Debug|Any CPU
		{94641115-BB8C-4C27-ACB2-EDDB3B6C8480}.Release|Any CPU.ActiveCfg = Release|Any CPU
		{94641115-BB8C-4C27-ACB2-EDDB3B6C8480}.Release|Any CPU.Build.0 = Release|Any CPU
		{0B8479F0-BBAD-4865-8249-CF769B1C02F6}.Debug|Any CPU.ActiveCfg = Debug|Any CPU
		{0B8479F0-BBAD-4865-8249-CF769B1C02F6}.Debug|Any CPU.Build.0 = Debug|Any CPU
		{0B8479F0-BBAD-4865-8249-CF769B1C02F6}.Release|Any CPU.ActiveCfg = Release|Any CPU
		{0B8479F0-BBAD-4865-8249-CF769B1C02F6}.Release|Any CPU.Build.0 = Release|Any CPU
		{EE4B80F1-5696-4EDB-BE9C-3036114D0FC1}.Debug|Any CPU.ActiveCfg = Debug|Any CPU
		{EE4B80F1-5696-4EDB-BE9C-3036114D0FC1}.Debug|Any CPU.Build.0 = Debug|Any CPU
		{EE4B80F1-5696-4EDB-BE9C-3036114D0FC1}.Release|Any CPU.ActiveCfg = Release|Any CPU
		{EE4B80F1-5696-4EDB-BE9C-3036114D0FC1}.Release|Any CPU.Build.0 = Release|Any CPU
		{AC3EC345-8C14-4EFC-BFCA-E675C23819CC}.Debug|Any CPU.ActiveCfg = Debug|Any CPU
		{AC3EC345-8C14-4EFC-BFCA-E675C23819CC}.Debug|Any CPU.Build.0 = Debug|Any CPU
		{AC3EC345-8C14-4EFC-BFCA-E675C23819CC}.Release|Any CPU.ActiveCfg = Release|Any CPU
		{AC3EC345-8C14-4EFC-BFCA-E675C23819CC}.Release|Any CPU.Build.0 = Release|Any CPU
	EndGlobalSection
	GlobalSection(NestedProjects) = preSolution
		{FD7A7E6E-08FE-4927-8667-1B4D9C4BB9DE} = {C1A07247-4B9C-4339-95AC-E84736DF7950}
		{24F749D6-78E1-4C1E-BA60-5BE6CE2145D5} = {C1A07247-4B9C-4339-95AC-E84736DF7950}
		{97330030-8B3B-4CB4-BC1E-91EDC71E2EF7} = {C1A07247-4B9C-4339-95AC-E84736DF7950}
		{7EE02CCC-47F5-4FCA-8594-17D870CECABF} = {C1A07247-4B9C-4339-95AC-E84736DF7950}
		{B5F611F0-22CB-4379-AD4E-E62D71B61A01} = {C1A07247-4B9C-4339-95AC-E84736DF7950}
		{C9B9D6AF-4B4A-4410-B408-66B40B5FD0B2} = {849B991F-D43E-4073-82BF-474896178D4C}
		{B96F4646-8C20-46F1-9D2E-2D40E2E1C362} = {849B991F-D43E-4073-82BF-474896178D4C}
		{94641115-BB8C-4C27-ACB2-EDDB3B6C8480} = {849B991F-D43E-4073-82BF-474896178D4C}
		{0B8479F0-BBAD-4865-8249-CF769B1C02F6} = {849B991F-D43E-4073-82BF-474896178D4C}
		{EE4B80F1-5696-4EDB-BE9C-3036114D0FC1} = {849B991F-D43E-4073-82BF-474896178D4C}
	EndGlobalSection
EndGlobal
