
Microsoft Visual Studio Solution File, Format Version 12.00
# Visual Studio Version 17
VisualStudioVersion = 17.0.31903.59
MinimumVisualStudioVersion = 10.0.40219.1
Project("{FAE04EC0-301F-11D3-BF4B-00C04F79EFBC}") = "StudentPortalServer", "StudentPortalServer\StudentPortalServer.csproj", "{99440D2F-917F-4F21-981E-342C47A98AC8}"
EndProject
Project("{FAE04EC0-301F-11D3-BF4B-00C04F79EFBC}") = "Tests", "Tests\Tests.csproj", "{94D91F4B-4F36-4EA9-AAB5-B20299FD55D5}"
EndProject
Global
	GlobalSection(SolutionConfigurationPlatforms) = preSolution
		Debug|Any CPU = Debug|Any CPU
		Release|Any CPU = Release|Any CPU
	EndGlobalSection
	GlobalSection(SolutionProperties) = preSolution
		HideSolutionNode = FALSE
	EndGlobalSection
	GlobalSection(ProjectConfigurationPlatforms) = postSolution
		{99440D2F-917F-4F21-981E-342C47A98AC8}.Debug|Any CPU.ActiveCfg = Debug|Any CPU
		{99440D2F-917F-4F21-981E-342C47A98AC8}.Debug|Any CPU.Build.0 = Debug|Any CPU
		{99440D2F-917F-4F21-981E-342C47A98AC8}.Release|Any CPU.ActiveCfg = Release|Any CPU
		{99440D2F-917F-4F21-981E-342C47A98AC8}.Release|Any CPU.Build.0 = Release|Any CPU
		{94D91F4B-4F36-4EA9-AAB5-B20299FD55D5}.Debug|Any CPU.ActiveCfg = Debug|Any CPU
		{94D91F4B-4F36-4EA9-AAB5-B20299FD55D5}.Debug|Any CPU.Build.0 = Debug|Any CPU
		{94D91F4B-4F36-4EA9-AAB5-B20299FD55D5}.Release|Any CPU.ActiveCfg = Release|Any CPU
		{94D91F4B-4F36-4EA9-AAB5-B20299FD55D5}.Release|Any CPU.Build.0 = Release|Any CPU
	EndGlobalSection
EndGlobal
